
Microsoft Visual Studio Solution File, Format Version 12.00
# Visual Studio Version 16
VisualStudioVersion = 16.0.29418.71
MinimumVisualStudioVersion = 10.0.40219.1
Project("{FAE04EC0-301F-11D3-BF4B-00C04F79EFBC}") = "AspNetCoreLocalizationJson", "AspNetCoreLocalizationJson\AspNetCoreLocalizationJson.csproj", "{D9225E0B-3B64-47A2-BF35-86750BDD8E31}"
EndProject
Global
	GlobalSection(SolutionConfigurationPlatforms) = preSolution
		Debug|Any CPU = Debug|Any CPU
		Release|Any CPU = Release|Any CPU
	EndGlobalSection
	GlobalSection(ProjectConfigurationPlatforms) = postSolution
		{D9225E0B-3B64-47A2-BF35-86750BDD8E31}.Debug|Any CPU.ActiveCfg = Debug|Any CPU
		{D9225E0B-3B64-47A2-BF35-86750BDD8E31}.Debug|Any CPU.Build.0 = Debug|Any CPU
		{D9225E0B-3B64-47A2-BF35-86750BDD8E31}.Release|Any CPU.ActiveCfg = Release|Any CPU
		{D9225E0B-3B64-47A2-BF35-86750BDD8E31}.Release|Any CPU.Build.0 = Release|Any CPU
	EndGlobalSection
	GlobalSection(SolutionProperties) = preSolution
		HideSolutionNode = FALSE
	EndGlobalSection
	GlobalSection(ExtensibilityGlobals) = postSolution
		SolutionGuid = {E87CE383-5EF8-4B93-A254-FD73D39E79FB}
	EndGlobalSection
EndGlobal
